# This file is automatically @generated by Cargo.
# It is not intended for manual editing.
version = 4

[[package]]
name = "omnicat-app"
version = "0.1.0"
dependencies = [
 "omnicat-core",
 "omnicat-storage-turso",
]

[[package]]
name = "omnicat-core"
version = "0.1.0"

[[package]]
name = "omnicat-storage-turso"
version = "0.1.0"
dependencies = [
 "omnicat-core",
]
